
Microsoft Visual Studio Solution File, Format Version 12.00
# Visual Studio Version 17
VisualStudioVersion = 17.8.34309.116
MinimumVisualStudioVersion = 10.0.40219.1
Project("{FAE04EC0-301F-11D3-BF4B-00C04F79EFBC}") = "WebApplication1", "WebApplication1.csproj", "{F8328FA7-ADDC-426D-8C6B-6FDFCBEDF1E3}"
EndProject
Global
	GlobalSection(SolutionConfigurationPlatforms) = preSolution
		Debug|Any CPU = Debug|Any CPU
		Release|Any CPU = Release|Any CPU
	EndGlobalSection
	GlobalSection(ProjectConfigurationPlatforms) = postSolution
		{F8328FA7-ADDC-426D-8C6B-6FDFCBEDF1E3}.Debug|Any CPU.ActiveCfg = Debug|Any CPU
		{F8328FA7-ADDC-426D-8C6B-6FDFCBEDF1E3}.Debug|Any CPU.Build.0 = Debug|Any CPU
		{F8328FA7-ADDC-426D-8C6B-6FDFCBEDF1E3}.Release|Any CPU.ActiveCfg = Release|Any CPU
		{F8328FA7-ADDC-426D-8C6B-6FDFCBEDF1E3}.Release|Any CPU.Build.0 = Release|Any CPU
	EndGlobalSection
	GlobalSection(SolutionProperties) = preSolution
		HideSolutionNode = FALSE
	EndGlobalSection
	GlobalSection(ExtensibilityGlobals) = postSolution
		SolutionGuid = {78E779BE-D886-4122-B095-89A782B1B7DA}
	EndGlobalSection
EndGlobal
